
Microsoft Visual Studio Solution File, Format Version 12.00
# Visual Studio 15
VisualStudioVersion = 15.0.28307.136
MinimumVisualStudioVersion = 10.0.40219.1
Project("{9A19103F-16F7-4668-BE54-9A1E7A4F7556}") = "Taskboard.Commands", "Taskboard.Commands\Taskboard.Commands.csproj", "{FD107340-BD0F-4FB9-9354-5DC457F8A812}"
EndProject
Global
	GlobalSection(SolutionConfigurationPlatforms) = preSolution
		Debug|Any CPU = Debug|Any CPU
		Release|Any CPU = Release|Any CPU
	EndGlobalSection
	GlobalSection(ProjectConfigurationPlatforms) = postSolution
		{FD107340-BD0F-4FB9-9354-5DC457F8A812}.Debug|Any CPU.ActiveCfg = Debug|Any CPU
		{FD107340-BD0F-4FB9-9354-5DC457F8A812}.Debug|Any CPU.Build.0 = Debug|Any CPU
		{FD107340-BD0F-4FB9-9354-5DC457F8A812}.Release|Any CPU.ActiveCfg = Release|Any CPU
		{FD107340-BD0F-4FB9-9354-5DC457F8A812}.Release|Any CPU.Build.0 = Release|Any CPU
	EndGlobalSection
	GlobalSection(SolutionProperties) = preSolution
		HideSolutionNode = FALSE
	EndGlobalSection
	GlobalSection(ExtensibilityGlobals) = postSolution
		SolutionGuid = {85BA3E21-37D7-42D6-9A14-AC3AA8FAFE75}
	EndGlobalSection
EndGlobal
